
Microsoft Visual Studio Solution File, Format Version 12.00
# Visual Studio 15
VisualStudioVersion = 15.0.27130.2024
MinimumVisualStudioVersion = 10.0.40219.1
Project("{FAE04EC0-301F-11D3-BF4B-00C04F79EFBC}") = "GryciukTestowanie", "GryciukTestowanie\GryciukTestowanie.csproj", "{D750025C-C67A-4408-BA81-9B2210FAC8A4}"
EndProject
Project("{FAE04EC0-301F-11D3-BF4B-00C04F79EFBC}") = "GryciukTestowanieTests", "GryciukTestowanieTests\GryciukTestowanieTests.csproj", "{44965FDA-78F7-4D92-8E1D-14D43A817D1E}"
EndProject
Global
	GlobalSection(SolutionConfigurationPlatforms) = preSolution
		Debug|Any CPU = Debug|Any CPU
		Release|Any CPU = Release|Any CPU
	EndGlobalSection
	GlobalSection(ProjectConfigurationPlatforms) = postSolution
		{D750025C-C67A-4408-BA81-9B2210FAC8A4}.Debug|Any CPU.ActiveCfg = Debug|Any CPU
		{D750025C-C67A-4408-BA81-9B2210FAC8A4}.Debug|Any CPU.Build.0 = Debug|Any CPU
		{D750025C-C67A-4408-BA81-9B2210FAC8A4}.Release|Any CPU.ActiveCfg = Release|Any CPU
		{D750025C-C67A-4408-BA81-9B2210FAC8A4}.Release|Any CPU.Build.0 = Release|Any CPU
		{44965FDA-78F7-4D92-8E1D-14D43A817D1E}.Debug|Any CPU.ActiveCfg = Debug|Any CPU
		{44965FDA-78F7-4D92-8E1D-14D43A817D1E}.Debug|Any CPU.Build.0 = Debug|Any CPU
		{44965FDA-78F7-4D92-8E1D-14D43A817D1E}.Release|Any CPU.ActiveCfg = Release|Any CPU
		{44965FDA-78F7-4D92-8E1D-14D43A817D1E}.Release|Any CPU.Build.0 = Release|Any CPU
	EndGlobalSection
	GlobalSection(SolutionProperties) = preSolution
		HideSolutionNode = FALSE
	EndGlobalSection
	GlobalSection(ExtensibilityGlobals) = postSolution
		SolutionGuid = {0290920C-7E5C-46DC-9F70-CFE7C97B1128}
	EndGlobalSection
EndGlobal
